PODS:
  - contact_picker (0.0.1):
    - Flutter
  - Flutter (1.0.0)

DEPENDENCIES:
  - contact_picker (from `/Users/giulianagrecco/Downloads/contact_picker/ios`)
  - Flutter (from `/Users/giulianagrecco/Downloads/flutter/bin/cache/artifacts/engine/ios`)

EXTERNAL SOURCES:
  contact_picker:
    :path: "/Users/giulianagrecco/Downloads/contact_picker/ios"
  Flutter:
    :path: "/Users/giulianagrecco/Downloads/flutter/bin/cache/artifacts/engine/ios"

SPEC CHECKSUMS:
  contact_picker: 57db5d8b410b52a0457d88f7b15de7d3307e8f16
  Flutter: 0e3d915762c693b495b44d77113d4970485de6ec

PODFILE CHECKSUM: 8cae0a1f08827c3555dbd37b0995dcd5fa118277

COCOAPODS: 1.9.3
